
Microsoft Visual Studio Solution File, Format Version 12.00
# Visual Studio 2013
VisualStudioVersion = 12.0.31101.0
MinimumVisualStudioVersion = 10.0.40219.1
Project("{FAE04EC0-301F-11D3-BF4B-00C04F79EFBC}") = "PuzzleWorld", "PuzzleWorld\PuzzleWorld.csproj", "{83B790B8-815A-427E-B050-7FCB28755C9E}"
EndProject
Project("{FAE04EC0-301F-11D3-BF4B-00C04F79EFBC}") = "PuzzleWorld.Test", "PuzzleWorld.Test\PuzzleWorld.Test.csproj", "{2B0B52C6-52E9-4D2E-94EA-46FDEB2C96DC}"
EndProject
Project("{FAE04EC0-301F-11D3-BF4B-00C04F79EFBC}") = "Equilibrium", "Equilibrium\Equilibrium.csproj", "{73D15C73-EFF4-44D0-ADAC-5B14AC9C4D21}"
EndProject
Global
	GlobalSection(SolutionConfigurationPlatforms) = preSolution
		Debug|Any CPU = Debug|Any CPU
		Release|Any CPU = Release|Any CPU
	EndGlobalSection
	GlobalSection(ProjectConfigurationPlatforms) = postSolution
		{83B790B8-815A-427E-B050-7FCB28755C9E}.Debug|Any CPU.ActiveCfg = Debug|Any CPU
		{83B790B8-815A-427E-B050-7FCB28755C9E}.Debug|Any CPU.Build.0 = Debug|Any CPU
		{83B790B8-815A-427E-B050-7FCB28755C9E}.Release|Any CPU.ActiveCfg = Release|Any CPU
		{83B790B8-815A-427E-B050-7FCB28755C9E}.Release|Any CPU.Build.0 = Release|Any CPU
		{2B0B52C6-52E9-4D2E-94EA-46FDEB2C96DC}.Debug|Any CPU.ActiveCfg = Debug|Any CPU
		{2B0B52C6-52E9-4D2E-94EA-46FDEB2C96DC}.Debug|Any CPU.Build.0 = Debug|Any CPU
		{2B0B52C6-52E9-4D2E-94EA-46FDEB2C96DC}.Release|Any CPU.ActiveCfg = Release|Any CPU
		{2B0B52C6-52E9-4D2E-94EA-46FDEB2C96DC}.Release|Any CPU.Build.0 = Release|Any CPU
		{73D15C73-EFF4-44D0-ADAC-5B14AC9C4D21}.Debug|Any CPU.ActiveCfg = Debug|Any CPU
		{73D15C73-EFF4-44D0-ADAC-5B14AC9C4D21}.Debug|Any CPU.Build.0 = Debug|Any CPU
		{73D15C73-EFF4-44D0-ADAC-5B14AC9C4D21}.Release|Any CPU.ActiveCfg = Release|Any CPU
		{73D15C73-EFF4-44D0-ADAC-5B14AC9C4D21}.Release|Any CPU.Build.0 = Release|Any CPU
	EndGlobalSection
	GlobalSection(SolutionProperties) = preSolution
		HideSolutionNode = FALSE
	EndGlobalSection
EndGlobal
